
Microsoft Visual Studio Solution File, Format Version 12.00
# Visual Studio Version 17
VisualStudioVersion = 17.4.33213.308
MinimumVisualStudioVersion = 10.0.40219.1
Project("{9A19103F-16F7-4668-BE54-9A1E7A4F7556}") = "TechStore.API", "TechStore.API\TechStore.API.csproj", "{9DFF206F-8211-41DE-9E72-55623B7E2007}"
EndProject
Project("{9A19103F-16F7-4668-BE54-9A1E7A4F7556}") = "TechStore.Domain", "TechStore.Domain\TechStore.Domain.csproj", "{EE71EE16-158D-4A73-AE45-45F0C221FB1F}"
EndProject
Project("{9A19103F-16F7-4668-BE54-9A1E7A4F7556}") = "TechStore.DAL", "TechStore.DAL\TechStore.DAL.csproj", "{925AEA14-5B2D-4FE0-95A5-8D58812A47A2}"
EndProject
Project("{9A19103F-16F7-4668-BE54-9A1E7A4F7556}") = "TechStore.Web", "TechStore.Web\TechStore.Web.csproj", "{F8B5834D-5E78-4D8B-9EF4-7D9E64E3C922}"
EndProject
Project("{FAE04EC0-301F-11D3-BF4B-00C04F79EFBC}") = "TechStore.API.Tests", "TechStore.API.Tests\TechStore.API.Tests.csproj", "{48DDD758-42F6-46CF-9044-B758A9DBE7B6}"
EndProject
Global
	GlobalSection(SolutionConfigurationPlatforms) = preSolution
		Debug|Any CPU = Debug|Any CPU
		Release|Any CPU = Release|Any CPU
	EndGlobalSection
	GlobalSection(ProjectConfigurationPlatforms) = postSolution
		{9DFF206F-8211-41DE-9E72-55623B7E2007}.Debug|Any CPU.ActiveCfg = Debug|Any CPU
		{9DFF206F-8211-41DE-9E72-55623B7E2007}.Debug|Any CPU.Build.0 = Debug|Any CPU
		{9DFF206F-8211-41DE-9E72-55623B7E2007}.Release|Any CPU.ActiveCfg = Release|Any CPU
		{9DFF206F-8211-41DE-9E72-55623B7E2007}.Release|Any CPU.Build.0 = Release|Any CPU
		{EE71EE16-158D-4A73-AE45-45F0C221FB1F}.Debug|Any CPU.ActiveCfg = Debug|Any CPU
		{EE71EE16-158D-4A73-AE45-45F0C221FB1F}.Debug|Any CPU.Build.0 = Debug|Any CPU
		{EE71EE16-158D-4A73-AE45-45F0C221FB1F}.Release|Any CPU.ActiveCfg = Release|Any CPU
		{EE71EE16-158D-4A73-AE45-45F0C221FB1F}.Release|Any CPU.Build.0 = Release|Any CPU
		{925AEA14-5B2D-4FE0-95A5-8D58812A47A2}.Debug|Any CPU.ActiveCfg = Debug|Any CPU
		{925AEA14-5B2D-4FE0-95A5-8D58812A47A2}.Debug|Any CPU.Build.0 = Debug|Any CPU
		{925AEA14-5B2D-4FE0-95A5-8D58812A47A2}.Release|Any CPU.ActiveCfg = Release|Any CPU
		{925AEA14-5B2D-4FE0-95A5-8D58812A47A2}.Release|Any CPU.Build.0 = Release|Any CPU
		{F8B5834D-5E78-4D8B-9EF4-7D9E64E3C922}.Debug|Any CPU.ActiveCfg = Debug|Any CPU
		{F8B5834D-5E78-4D8B-9EF4-7D9E64E3C922}.Debug|Any CPU.Build.0 = Debug|Any CPU
		{F8B5834D-5E78-4D8B-9EF4-7D9E64E3C922}.Release|Any CPU.ActiveCfg = Release|Any CPU
		{F8B5834D-5E78-4D8B-9EF4-7D9E64E3C922}.Release|Any CPU.Build.0 = Release|Any CPU
		{48DDD758-42F6-46CF-9044-B758A9DBE7B6}.Debug|Any CPU.ActiveCfg = Debug|Any CPU
		{48DDD758-42F6-46CF-9044-B758A9DBE7B6}.Debug|Any CPU.Build.0 = Debug|Any CPU
		{48DDD758-42F6-46CF-9044-B758A9DBE7B6}.Release|Any CPU.ActiveCfg = Release|Any CPU
		{48DDD758-42F6-46CF-9044-B758A9DBE7B6}.Release|Any CPU.Build.0 = Release|Any CPU
	EndGlobalSection
	GlobalSection(SolutionProperties) = preSolution
		HideSolutionNode = FALSE
	EndGlobalSection
	GlobalSection(ExtensibilityGlobals) = postSolution
		SolutionGuid = {4FE1E343-FD61-4690-A8DC-66E497835E97}
	EndGlobalSection
EndGlobal
